
Microsoft Visual Studio Solution File, Format Version 12.00
# Visual Studio 15
Project("{FAE04EC0-301F-11D3-BF4B-00C04F79EFBC}") = "Assembly-CSharp", "Assembly-CSharp.csproj", "{04D8D80F-0B77-C56D-4760-4799A4B34C11}"
EndProject
Project("{FAE04EC0-301F-11D3-BF4B-00C04F79EFBC}") = "Assembly-CSharp-firstpass", "Assembly-CSharp-firstpass.csproj", "{B13FEA75-54EA-2275-88C2-A119184354ED}"
EndProject
Project("{FAE04EC0-301F-11D3-BF4B-00C04F79EFBC}") = "Assembly-CSharp-Editor", "Assembly-CSharp-Editor.csproj", "{660EB06F-A654-3C29-51E4-B1603EA71413}"
EndProject
Project("{FAE04EC0-301F-11D3-BF4B-00C04F79EFBC}") = "Assembly-CSharp-Editor-firstpass", "Assembly-CSharp-Editor-firstpass.csproj", "{970A43BA-99B6-33FD-1A7A-B64BC3AFE4DB}"
EndProject
Project("{FAE04EC0-301F-11D3-BF4B-00C04F79EFBC}") = "Unity.CloudContentDelivery.Editor", "Unity.CloudContentDelivery.Editor.csproj", "{92520545-57D0-48EC-9AF4-34FB1832D02A}"
EndProject
Global
	GlobalSection(SolutionConfigurationPlatforms) = preSolution
		Debug|Any CPU = Debug|Any CPU
		Release|Any CPU = Release|Any CPU
	EndGlobalSection
	GlobalSection(ProjectConfigurationPlatforms) = postSolution
		{04D8D80F-0B77-C56D-4760-4799A4B34C11}.Debug|Any CPU.ActiveCfg = Debug|Any CPU
		{04D8D80F-0B77-C56D-4760-4799A4B34C11}.Debug|Any CPU.Build.0 = Debug|Any CPU
		{04D8D80F-0B77-C56D-4760-4799A4B34C11}.Release|Any CPU.ActiveCfg = Release|Any CPU
		{04D8D80F-0B77-C56D-4760-4799A4B34C11}.Release|Any CPU.Build.0 = Release|Any CPU
		{B13FEA75-54EA-2275-88C2-A119184354ED}.Debug|Any CPU.ActiveCfg = Debug|Any CPU
		{B13FEA75-54EA-2275-88C2-A119184354ED}.Debug|Any CPU.Build.0 = Debug|Any CPU
		{B13FEA75-54EA-2275-88C2-A119184354ED}.Release|Any CPU.ActiveCfg = Release|Any CPU
		{B13FEA75-54EA-2275-88C2-A119184354ED}.Release|Any CPU.Build.0 = Release|Any CPU
		{660EB06F-A654-3C29-51E4-B1603EA71413}.Debug|Any CPU.ActiveCfg = Debug|Any CPU
		{660EB06F-A654-3C29-51E4-B1603EA71413}.Debug|Any CPU.Build.0 = Debug|Any CPU
		{660EB06F-A654-3C29-51E4-B1603EA71413}.Release|Any CPU.ActiveCfg = Release|Any CPU
		{660EB06F-A654-3C29-51E4-B1603EA71413}.Release|Any CPU.Build.0 = Release|Any CPU
		{970A43BA-99B6-33FD-1A7A-B64BC3AFE4DB}.Debug|Any CPU.ActiveCfg = Debug|Any CPU
		{970A43BA-99B6-33FD-1A7A-B64BC3AFE4DB}.Debug|Any CPU.Build.0 = Debug|Any CPU
		{970A43BA-99B6-33FD-1A7A-B64BC3AFE4DB}.Release|Any CPU.ActiveCfg = Release|Any CPU
		{970A43BA-99B6-33FD-1A7A-B64BC3AFE4DB}.Release|Any CPU.Build.0 = Release|Any CPU
		{92520545-57D0-48EC-9AF4-34FB1832D02A}.Debug|Any CPU.ActiveCfg = Debug|Any CPU
		{92520545-57D0-48EC-9AF4-34FB1832D02A}.Debug|Any CPU.Build.0 = Debug|Any CPU
		{92520545-57D0-48EC-9AF4-34FB1832D02A}.Release|Any CPU.ActiveCfg = Release|Any CPU
		{92520545-57D0-48EC-9AF4-34FB1832D02A}.Release|Any CPU.Build.0 = Release|Any CPU
	EndGlobalSection
	GlobalSection(SolutionProperties) = preSolution
		HideSolutionNode = FALSE
	EndGlobalSection
EndGlobal
